
Microsoft Visual Studio Solution File, Format Version 12.00
# Visual Studio 14
VisualStudioVersion = 14.0.25420.1
MinimumVisualStudioVersion = 10.0.40219.1
Project("{FAE04EC0-301F-11D3-BF4B-00C04F79EFBC}") = "Viikkotehtava3", "Viikkotehtava3\Viikkotehtava3.csproj", "{B3A1CBDC-CADC-4395-BA3C-EECB6255F9DC}"
EndProject
Project("{FAE04EC0-301F-11D3-BF4B-00C04F79EFBC}") = "Pollo", "Pollo\Pollo.csproj", "{D93B660A-B7F4-480E-9203-034EAFB9E759}"
EndProject
Project("{FAE04EC0-301F-11D3-BF4B-00C04F79EFBC}") = "Sroller", "Sroller\Sroller.csproj", "{A92F65E7-BDE1-40CF-AD67-16F959C31EA6}"
EndProject
Project("{FAE04EC0-301F-11D3-BF4B-00C04F79EFBC}") = "HorizontalBox", "HorizontalBox\HorizontalBox.csproj", "{5DCEF4CC-5449-4585-B4BD-190118F16A8C}"
EndProject
Global
	GlobalSection(SolutionConfigurationPlatforms) = preSolution
		Debug|Any CPU = Debug|Any CPU
		Release|Any CPU = Release|Any CPU
	EndGlobalSection
	GlobalSection(ProjectConfigurationPlatforms) = postSolution
		{B3A1CBDC-CADC-4395-BA3C-EECB6255F9DC}.Debug|Any CPU.ActiveCfg = Debug|Any CPU
		{B3A1CBDC-CADC-4395-BA3C-EECB6255F9DC}.Debug|Any CPU.Build.0 = Debug|Any CPU
		{B3A1CBDC-CADC-4395-BA3C-EECB6255F9DC}.Release|Any CPU.ActiveCfg = Release|Any CPU
		{B3A1CBDC-CADC-4395-BA3C-EECB6255F9DC}.Release|Any CPU.Build.0 = Release|Any CPU
		{D93B660A-B7F4-480E-9203-034EAFB9E759}.Debug|Any CPU.ActiveCfg = Debug|Any CPU
		{D93B660A-B7F4-480E-9203-034EAFB9E759}.Debug|Any CPU.Build.0 = Debug|Any CPU
		{D93B660A-B7F4-480E-9203-034EAFB9E759}.Release|Any CPU.ActiveCfg = Release|Any CPU
		{D93B660A-B7F4-480E-9203-034EAFB9E759}.Release|Any CPU.Build.0 = Release|Any CPU
		{A92F65E7-BDE1-40CF-AD67-16F959C31EA6}.Debug|Any CPU.ActiveCfg = Debug|Any CPU
		{A92F65E7-BDE1-40CF-AD67-16F959C31EA6}.Debug|Any CPU.Build.0 = Debug|Any CPU
		{A92F65E7-BDE1-40CF-AD67-16F959C31EA6}.Release|Any CPU.ActiveCfg = Release|Any CPU
		{A92F65E7-BDE1-40CF-AD67-16F959C31EA6}.Release|Any CPU.Build.0 = Release|Any CPU
		{5DCEF4CC-5449-4585-B4BD-190118F16A8C}.Debug|Any CPU.ActiveCfg = Debug|Any CPU
		{5DCEF4CC-5449-4585-B4BD-190118F16A8C}.Debug|Any CPU.Build.0 = Debug|Any CPU
		{5DCEF4CC-5449-4585-B4BD-190118F16A8C}.Release|Any CPU.ActiveCfg = Release|Any CPU
		{5DCEF4CC-5449-4585-B4BD-190118F16A8C}.Release|Any CPU.Build.0 = Release|Any CPU
	EndGlobalSection
	GlobalSection(SolutionProperties) = preSolution
		HideSolutionNode = FALSE
	EndGlobalSection
EndGlobal
